
Microsoft Visual Studio Solution File, Format Version 12.00
# Visual Studio 15
VisualStudioVersion = 15.0.28307.1800
MinimumVisualStudioVersion = 10.0.40219.1
Project("{FAE04EC0-301F-11D3-BF4B-00C04F79EFBC}") = "CRICKET", "CRICKET\CRICKET.csproj", "{8F6B66F7-AECB-457B-AE12-FF90EF51AA90}"
EndProject
Global
	GlobalSection(SolutionConfigurationPlatforms) = preSolution
		Debug|Any CPU = Debug|Any CPU
		Release|Any CPU = Release|Any CPU
	EndGlobalSection
	GlobalSection(ProjectConfigurationPlatforms) = postSolution
		{8F6B66F7-AECB-457B-AE12-FF90EF51AA90}.Debug|Any CPU.ActiveCfg = Debug|Any CPU
		{8F6B66F7-AECB-457B-AE12-FF90EF51AA90}.Debug|Any CPU.Build.0 = Debug|Any CPU
		{8F6B66F7-AECB-457B-AE12-FF90EF51AA90}.Release|Any CPU.ActiveCfg = Release|Any CPU
		{8F6B66F7-AECB-457B-AE12-FF90EF51AA90}.Release|Any CPU.Build.0 = Release|Any CPU
	EndGlobalSection
	GlobalSection(SolutionProperties) = preSolution
		HideSolutionNode = FALSE
	EndGlobalSection
	GlobalSection(ExtensibilityGlobals) = postSolution
		SolutionGuid = {342AE585-A607-4557-87E3-9BF0D0CF5411}
	EndGlobalSection
EndGlobal
